{
  "name": "blokus",
  "version": "1.0.0",
  "lockfileVersion": 1,
  "requires": true,
  "dependencies": {
    "sass": {
      "version": "1.0.0-rc.1",
      "resolved": "https://registry.npmjs.org/sass/-/sass-1.0.0-rc.1.tgz",
      "integrity": "sha512-QX6hpmo7PVA0O+ZXLPBenc3oNvrPIicaU1GLK8EY/xWLzzLdFN86lR73JRxLS4I6KGTUvXqm7XNUgRR6oH7vYQ==",
      "dev": true
    },
    "typescript": {
      "version": "3.7.4",
      "resolved": "https://registry.npmjs.org/typescript/-/typescript-3.7.4.tgz",
      "integrity": "sha512-A25xv5XCtarLwXpcDNZzCGvW2D1S3/bACratYBx2sax8PefsFhlYmkQicKHvpYflFS8if4zne5zT5kpJ7pzuvw==",
      "dev": true
    }
  }
}
